
Microsoft Visual Studio Solution File, Format Version 12.00
# Visual Studio Version 16
VisualStudioVersion = 16.0.29920.165
MinimumVisualStudioVersion = 10.0.40219.1
Project("{FAE04EC0-301F-11D3-BF4B-00C04F79EFBC}") = "UsersWebService", "UsersWebService.csproj", "{32C8B247-9004-4D00-BE59-3536D9B25B44}"
EndProject
Global
	GlobalSection(SolutionConfigurationPlatforms) = preSolution
		Debug|Any CPU = Debug|Any CPU
		Release|Any CPU = Release|Any CPU
	EndGlobalSection
	GlobalSection(ProjectConfigurationPlatforms) = postSolution
		{32C8B247-9004-4D00-BE59-3536D9B25B44}.Debug|Any CPU.ActiveCfg = Debug|Any CPU
		{32C8B247-9004-4D00-BE59-3536D9B25B44}.Debug|Any CPU.Build.0 = Debug|Any CPU
		{32C8B247-9004-4D00-BE59-3536D9B25B44}.Release|Any CPU.ActiveCfg = Release|Any CPU
		{32C8B247-9004-4D00-BE59-3536D9B25B44}.Release|Any CPU.Build.0 = Release|Any CPU
	EndGlobalSection
	GlobalSection(SolutionProperties) = preSolution
		HideSolutionNode = FALSE
	EndGlobalSection
	GlobalSection(ExtensibilityGlobals) = postSolution
		SolutionGuid = {DE61B6C4-08F8-4495-AB02-DB012E942E11}
	EndGlobalSection
EndGlobal
